// !$*UTF8*$!
{
	archiveVersion = 1;
	classes = {
	};
	objectVersion = 46;
	objects = {

/* Begin PBXBuildFile section */
		4CD9BBEC1D33A97700226704 /* AppDelegate.swift in Sources */ = {isa = PBXBuildFile; fileRef = 4CD9BBEB1D33A97700226704 /* AppDelegate.swift */; };
		4CD9BBEE1D33A97700226704 /* ViewController.swift in Sources */ = {isa = PBXBuildFile; fileRef = 4CD9BBED1D33A97700226704 /* ViewController.swift */; };
		4CD9BBF11D33A97700226704 /* Main.storyboard in Resources */ = {isa = PBXBuildFile; fileRef = 4CD9BBEF1D33A97700226704 /* Main.storyboard */; };
		4CD9BBF31D33A97700226704 /* Assets.xcassets in Resources */ = {isa = PBXBuildFile; fileRef = 4CD9BBF21D33A97700226704 /* Assets.xcassets */; };
		4CD9BBF61D33A97700226704 /* LaunchScreen.storyboard in Resources */ = {isa = PBXBuildFile; fileRef = 4CD9BBF41D33A97700226704 /* LaunchScreen.storyboard */; };
/* End PBXBuildFile section */

/* Begin PBXFileReference section */
		4CD9BBE81D33A97700226704 /* basicSwift.app */ = {isa = PBXFileReference; explicitFileType = wrapper.application; includeInIndex = 0; path = basicSwift.app; sourceTree = BUILT_PRODUCTS_DIR; };
		4CD9BBEB1D33A97700226704 /* AppDelegate.swift */ = {isa = PBXFileReference; lastKnownFileType = sourcecode.swift; path = AppDelegate.swift; sourceTree = "<group>"; };
		4CD9BBED1D33A97700226704 /* ViewController.swift */ = {isa = PBXFileReference; lastKnownFileType = sourcecode.swift; path = ViewController.swift; sourceTree = "<group>"; };
		4CD9BBF01D33A97700226704 /* Base */ = {isa = PBXFileReference; lastKnownFileType = file.storyboard; name = Base; path = Base.lproj/Main.storyboard; sourceTree = "<group>"; };
		4CD9BBF21D33A97700226704 /* Assets.xcassets */ = {isa = PBXFileReference; lastKnownFileType = folder.assetcatalog; path = Assets.xcassets; sourceTree = "<group>"; };
		4CD9BBF51D33A97700226704 /* Base */ = {isa = PBXFileReference; lastKnownFileType = file.storyboard; name = Base; path = Base.lproj/LaunchScreen.storyboard; sourceTree = "<group>"; };
		4CD9BBF71D33A97700226704 /* Info.plist */ = {isa = PBXFileReference; lastKnownFileType = text.plist.xml; path = Info.plist; sourceTree = "<group>"; };
/* End PBXFileReference section */

/* Begin PBXFrameworksBuildPhase section */
		4CD9BBE51D33A97700226704 /* Frameworks */ = {
			isa = PBXFrameworksBuildPhase;
			buildActionMask = 2147483647;
			files = (
			);
			runOnlyForDeploymentPostprocessing = 0;
		};
/* End PBXFrameworksBuildPhase section */

/* Begin PBXGroup section */
		4CD9BBDF1D33A97700226704 = {
			isa = PBXGroup;
			children = (
				4CD9BBEA1D33A97700226704 /* basicSwift */,
				4CD9BBE91D33A97700226704 /* Products */,
			);
			sourceTree = "<group>";
		};
		4CD9BBE91D33A97700226704 /* Products */ = {
			isa = PBXGroup;
			children = (
				4CD9BBE81D33A97700226704 /* basicSwift.app */,
			);
			name = Products;
			sourceTree = "<group>";
		};
		4CD9BBEA1D33A97700226704 /* basicSwift */ = {
			isa = PBXGroup;
			children = (
				4CD9BBEB1D33A97700226704 /* AppDelegate.swift */,
				4CD9BBED1D33A97700226704 /* ViewController.swift */,
				4CD9BBEF1D33A97700226704 /* Main.storyboard */,
				4CD9BBF21D33A97700226704 /* Assets.xcassets */,
				4CD9BBF41D33A97700226704 /* LaunchScreen.storyboard */,
				4CD9BBF71D33A97700226704 /* Info.plist */,
			);
			path = basicSwift;
			sourceTree = "<group>";
		};
/* End PBXGroup section */

/* Begin PBXNativeTarget section */
		4CD9BBE71D33A97700226704 /* basicSwift */ = {
			isa = PBXNativeTarget;
			buildConfigurationList = 4CD9BBFA1D33A97700226704 /* Build configuration list for PBXNativeTarget "basicSwift" */;
			buildPhases = (
				4CD9BBE41D33A97700226704 /* Sources */,
				4CD9BBE51D33A97700226704 /* Frameworks */,
				4CD9BBE61D33A97700226704 /* Resources */,
			);
			buildRules = (
			);
			dependencies = (
			);
			name = basicSwift;
			productName = basicSwift;
			productReference = 4CD9BBE81D33A97700226704 /* basicSwift.app */;
			productType = "com.apple.product-type.application";
		};
/* End PBXNativeTarget section */

/* Begin PBXProject section */
		4CD9BBE01D33A97700226704 /* Project object */ = {
			isa = PBXProject;
			attributes = {
				LastSwiftUpdateCheck = 0730;
				LastUpgradeCheck = 0730;
				ORGANIZATIONNAME = "Elementz Interactive";
				TargetAttributes = {
					4CD9BBE71D33A97700226704 = {
						CreatedOnToolsVersion = 7.3;
					};
				};
			};
			buildConfigurationList = 4CD9BBE31D33A97700226704 /* Build configuration list for PBXProject "basicSwift" */;
			compatibilityVersion = "Xcode 3.2";
			developmentRegion = English;
			hasScannedForEncodings = 0;
			knownRegions = (
				en,
				Base,
			);
			mainGroup = 4CD9BBDF1D33A97700226704;
			productRefGroup = 4CD9BBE91D33A97700226704 /* Products */;
			projectDirPath = "";
			projectRoot = "";
			targets = (
				4CD9BBE71D33A97700226704 /* basicSwift */,
			);
		};
/* End PBXProject section */

/* Begin PBXResourcesBuildPhase section */
		4CD9BBE61D33A97700226704 /* Resources */ = {
			isa = PBXResourcesBuildPhase;
			buildActionMask = 2147483647;
			files = (
				4CD9BBF61D33A97700226704 /* LaunchScreen.storyboard in Resources */,
				4CD9BBF31D33A97700226704 /* Assets.xcassets in Resources */,
				4CD9BBF11D33A97700226704 /* Main.storyboard in Resources */,
			);
			runOnlyForDeploymentPostprocessing = 0;
		};
/* End PBXResourcesBuildPhase section */

/* Begin PBXSourcesBuildPhase section */
		4CD9BBE41D33A97700226704 /* Sources */ = {
			isa = PBXSourcesBuildPhase;
			buildActionMask = 2147483647;
			files = (
				4CD9BBEE1D33A97700226704 /* ViewController.swift in Sources */,
				4CD9BBEC1D33A97700226704 /* AppDelegate.swift in Sources */,
			);
			runOnlyForDeploymentPostprocessing = 0;
		};
/* End PBXSourcesBuildPhase section */

/* Begin PBXVariantGroup section */
		4CD9BBEF1D33A97700226704 /* Main.storyboard */ = {
			isa = PBXVariantGroup;
			children = (
				4CD9BBF01D33A97700226704 /* Base */,
			);
			name = Main.storyboard;
			sourceTree = "<group>";
		};
		4CD9BBF41D33A97700226704 /* LaunchScreen.storyboard */ = {
			isa = PBXVariantGroup;
			children = (
				4CD9BBF51D33A97700226704 /* Base */,
			);
			name = LaunchScreen.storyboard;
			sourceTree = "<group>";
		};
/* End PBXVariantGroup section */

/* Begin XCBuildConfiguration section */
		4CD9BBF81D33A97700226704 /* Debug */ = {
			isa = XCBuildConfiguration;
			buildSettings = {
				ALWAYS_SEARCH_USER_PATHS = NO;
				CLANG_ANALYZER_NONNULL = YES;
				CLANG_CXX_LANGUAGE_STANDARD = "gnu++0x";
				CLANG_CXX_LIBRARY = "libc++";
				CLANG_ENABLE_MODULES = YES;
				CLANG_ENABLE_OBJC_ARC = YES;
				CLANG_WARN_BOOL_CONVERSION = YES;
				CLANG_WARN_CONSTANT_CONVERSION = YES;
				CLANG_WARN_DIRECT_OBJC_ISA_USAGE = YES_ERROR;
				CLANG_WARN_EMPTY_BODY = YES;
				CLANG_WARN_ENUM_CONVERSION = YES;
				CLANG_WARN_INT_CONVERSION = YES;
				CLANG_WARN_OBJC_ROOT_CLASS = YES_ERROR;
				CLANG_WARN_UNREACHABLE_CODE = YES;
				CLANG_WARN__DUPLICATE_METHOD_MATCH = YES;
				"CODE_SIGN_IDENTITY[sdk=iphoneos*]" = "iPhone Developer";
				COPY_PHASE_STRIP = NO;
				DEBUG_INFORMATION_FORMAT = dwarf;
				ENABLE_STRICT_OBJC_MSGSEND = YES;
				ENABLE_TESTABILITY = YES;
				GCC_C_LANGUAGE_STANDARD = gnu99;
				GCC_DYNAMIC_NO_PIC = NO;
				GCC_NO_COMMON_BLOCKS = YES;
				GCC_OPTIMIZATION_LEVEL = 0;
				GCC_PREPROCESSOR_DEFINITIONS = (
					"DEBUG=1",
					"$(inherited)",
				);
				GCC_WARN_64_TO_32_BIT_CONVERSION = YES;
				GCC_WARN_ABOUT_RETURN_TYPE = YES_ERROR;
				GCC_WARN_UNDECLARED_SELECTOR = YES;
				GCC_WARN_UNINITIALIZED_AUTOS = YES_AGGRESSIVE;
				GCC_WARN_UNUSED_FUNCTION = YES;
				GCC_WARN_UNUSED_VARIABLE = YES;
				IPHONEOS_DEPLOYMENT_TARGET = 9.3;
				MTL_ENABLE_DEBUG_INFO = YES;
				ONLY_ACTIVE_ARCH = YES;
				SDKROOT = iphoneos;
				SWIFT_OPTIMIZATION_LEVEL = "-Onone";
				TARGETED_DEVICE_FAMILY = "1,2";
			};
			name = Debug;
		};
		4CD9BBF91D33A97700226704 /* Release */ = {
			isa = XCBuildConfiguration;
			buildSettings = {
				ALWAYS_SEARCH_USER_PATHS = NO;
				CLANG_ANALYZER_NONNULL = YES;
				CLANG_CXX_LANGUAGE_STANDARD = "gnu++0x";
				CLANG_CXX_LIBRARY = "libc++";
				CLANG_ENABLE_MODULES = YES;
				CLANG_ENABLE_OBJC_ARC = YES;
				CLANG_WARN_BOOL_CONVERSION = YES;
				CLANG_WARN_CONSTANT_CONVERSION = YES;
				CLANG_WARN_DIRECT_OBJC_ISA_USAGE = YES_ERROR;
				CLANG_WARN_EMPTY_BODY = YES;
				CLANG_WARN_ENUM_CONVERSION = YES;
				CLANG_WARN_INT_CONVERSION = YES;
				CLANG_WARN_OBJC_ROOT_CLASS = YES_ERROR;
				CLANG_WARN_UNREACHABLE_CODE = YES;
				CLANG_WARN__DUPLICATE_METHOD_MATCH = YES;
				"CODE_SIGN_IDENTITY[sdk=iphoneos*]" = "iPhone Developer";
				COPY_PHASE_STRIP = NO;
				DEBUG_INFORMATION_FORMAT = "dwarf-with-dsym";
				ENABLE_NS_ASSERTIONS = NO;
				ENABLE_STRICT_OBJC_MSGSEND = YES;
				GCC_C_LANGUAGE_STANDARD = gnu99;
				GCC_NO_COMMON_BLOCKS = YES;
				GCC_WARN_64_TO_32_BIT_CONVERSION = YES;
				GCC_WARN_ABOUT_RETURN_TYPE = YES_ERROR;
				GCC_WARN_UNDECLARED_SELECTOR = YES;
				GCC_WARN_UNINITIALIZED_AUTOS = YES_AGGRESSIVE;
				GCC_WARN_UNUSED_FUNCTION = YES;
				GCC_WARN_UNUSED_VARIABLE = YES;
				IPHONEOS_DEPLOYMENT_TARGET = 9.3;
				MTL_ENABLE_DEBUG_INFO = NO;
				SDKROOT = iphoneos;
				TARGETED_DEVICE_FAMILY = "1,2";
				VALIDATE_PRODUCT = YES;
			};
			name = Release;
		};
		4CD9BBFB1D33A97700226704 /* Debug */ = {
			isa = XCBuildConfiguration;
			buildSettings = {
				ASSETCATALOG_COMPILER_APPICON_NAME = AppIcon;
				INFOPLIST_FILE = basicSwift/Info.plist;
				LD_RUNPATH_SEARCH_PATHS = "$(inherited) @executable_path/Frameworks";
				PRODUCT_BUNDLE_IDENTIFIER = elementz.basicSwift;
				PRODUCT_NAME = "$(TARGET_NAME)";
			};
			name = Debug;
		};
		4CD9BBFC1D33A97700226704 /* Release */ = {
			isa = XCBuildConfiguration;
			buildSettings = {
				ASSETCATALOG_COMPILER_APPICON_NAME = AppIcon;
				INFOPLIST_FILE = basicSwift/Info.plist;
				LD_RUNPATH_SEARCH_PATHS = "$(inherited) @executable_path/Frameworks";
				PRODUCT_BUNDLE_IDENTIFIER = elementz.basicSwift;
				PRODUCT_NAME = "$(TARGET_NAME)";
			};
			name = Release;
		};
/* End XCBuildConfiguration section */

/* Begin XCConfigurationList section */
		4CD9BBE31D33A97700226704 /* Build configuration list for PBXProject "basicSwift" */ = {
			isa = XCConfigurationList;
			buildConfigurations = (
				4CD9BBF81D33A97700226704 /* Debug */,
				4CD9BBF91D33A97700226704 /* Release */,
			);
			defaultConfigurationIsVisible = 0;
			defaultConfigurationName = Release;
		};
		4CD9BBFA1D33A97700226704 /* Build configuration list for PBXNativeTarget "basicSwift" */ = {
			isa = XCConfigurationList;
			buildConfigurations = (
				4CD9BBFB1D33A97700226704 /* Debug */,
				4CD9BBFC1D33A97700226704 /* Release */,
			);
			defaultConfigurationIsVisible = 0;
		};
/* End XCConfigurationList section */
	};
	rootObject = 4CD9BBE01D33A97700226704 /* Project object */;
}
